# Generated by GitHub Actions run 30520344451 and administrator-approved through
# a dedicated digest-lock pull request. Deployments must use repository@digest.
A3_IMAGE_REPOSITORY=ghcr.io/askarin/a3-outcome-stack-env
A3_IMAGE_DIGEST=sha256:efcd872914b3eef67434aba8e365f64f173df8ff4843c213b2540f6a752d1e44
A3_IMAGE_SOURCE_COMMIT=291048d6f351a58e0f15657a1907e44d0b557ec0
A3_BASE_IMAGE_DIGEST=sha256:ad6d59a3bbf3e82c1c849c9ac09cfc2a3e0bbb8655042fd899be6681b3fe2a85
A3_UV_LOCK_SHA256=b54bec61e1ad325c1060f0e664fbb6698a272325263d7824aff402d7fd3affeb
