# Generated by GitHub Actions run 30507918832 and reviewed through a dedicated
# digest-lock pull request. Deployments must continue to use repository@digest.
A3_IMAGE_REPOSITORY=ghcr.io/askarin/a3-outcome-stack-env
A3_IMAGE_DIGEST=sha256:b199a2b6c98145062112a0f4b63d06679119cbbd67b7d452bfdee82611f155b6
A3_IMAGE_SOURCE_COMMIT=428929b60f653851e4e84477c9a5a6b5fc07bbc3
A3_BASE_IMAGE_DIGEST=sha256:ad6d59a3bbf3e82c1c849c9ac09cfc2a3e0bbb8655042fd899be6681b3fe2a85
A3_UV_LOCK_SHA256=6b9a6f51a15963d82d7312cf8a0b72b31987b199157f2329832c1bc65d36d57c
